
Microsoft Visual Studio Solution File, Format Version 12.00
# Visual Studio Version 17
VisualStudioVersion = 17.3.32901.215
MinimumVisualStudioVersion = 10.0.40219.1
Project("{FAE04EC0-301F-11D3-BF4B-00C04F79EFBC}") = "IEnumerable Practice", "IEnumerable Practice\IEnumerable Practice.csproj", "{3DFA38D7-274B-47FA-8058-550ABC17A224}"
EndProject
Global
	GlobalSection(SolutionConfigurationPlatforms) = preSolution
		Debug|Any CPU = Debug|Any CPU
		Release|Any CPU = Release|Any CPU
	EndGlobalSection
	GlobalSection(ProjectConfigurationPlatforms) = postSolution
		{3DFA38D7-274B-47FA-8058-550ABC17A224}.Debug|Any CPU.ActiveCfg = Debug|Any CPU
		{3DFA38D7-274B-47FA-8058-550ABC17A224}.Debug|Any CPU.Build.0 = Debug|Any CPU
		{3DFA38D7-274B-47FA-8058-550ABC17A224}.Release|Any CPU.ActiveCfg = Release|Any CPU
		{3DFA38D7-274B-47FA-8058-550ABC17A224}.Release|Any CPU.Build.0 = Release|Any CPU
	EndGlobalSection
	GlobalSection(SolutionProperties) = preSolution
		HideSolutionNode = FALSE
	EndGlobalSection
	GlobalSection(ExtensibilityGlobals) = postSolution
		SolutionGuid = {3AD8B021-7526-46EE-9A44-DA07C0012523}
	EndGlobalSection
EndGlobal
