
Microsoft Visual Studio Solution File, Format Version 12.00
# Visual Studio Version 17
VisualStudioVersion = 17.3.32901.215
MinimumVisualStudioVersion = 10.0.40219.1
Project("{FAE04EC0-301F-11D3-BF4B-00C04F79EFBC}") = "GameConsole", "GameConsole\GameConsole.csproj", "{B4A66A9A-0EFE-4D0E-B4B4-41560BEA3480}"
EndProject
Global
	GlobalSection(SolutionConfigurationPlatforms) = preSolution
		Debug|Any CPU = Debug|Any CPU
		Release|Any CPU = Release|Any CPU
	EndGlobalSection
	GlobalSection(ProjectConfigurationPlatforms) = postSolution
		{B4A66A9A-0EFE-4D0E-B4B4-41560BEA3480}.Debug|Any CPU.ActiveCfg = Debug|Any CPU
		{B4A66A9A-0EFE-4D0E-B4B4-41560BEA3480}.Debug|Any CPU.Build.0 = Debug|Any CPU
		{B4A66A9A-0EFE-4D0E-B4B4-41560BEA3480}.Release|Any CPU.ActiveCfg = Release|Any CPU
		{B4A66A9A-0EFE-4D0E-B4B4-41560BEA3480}.Release|Any CPU.Build.0 = Release|Any CPU
	EndGlobalSection
	GlobalSection(SolutionProperties) = preSolution
		HideSolutionNode = FALSE
	EndGlobalSection
	GlobalSection(ExtensibilityGlobals) = postSolution
		SolutionGuid = {90AA7026-86C2-4E58-BAD9-1088A4BBF862}
	EndGlobalSection
EndGlobal
