
Microsoft Visual Studio Solution File, Format Version 12.00
# Visual Studio Version 17
VisualStudioVersion = 17.3.32901.215
MinimumVisualStudioVersion = 10.0.40219.1
Project("{9A19103F-16F7-4668-BE54-9A1E7A4F7556}") = "GameConsole", "GameConsole\GameConsole.csproj", "{0253DB3B-DDE8-4F86-A6CC-D6B4E5F401D2}"
EndProject
Project("{FAE04EC0-301F-11D3-BF4B-00C04F79EFBC}") = "Game Console practice Null Object pattern", "Game Console practice Null Object pattern\Game Console practice Null Object pattern.csproj", "{86E7ACE2-E55C-4E46-A7B6-8092967B12F0}"
EndProject
Global
	GlobalSection(SolutionConfigurationPlatforms) = preSolution
		Debug|Any CPU = Debug|Any CPU
		Release|Any CPU = Release|Any CPU
	EndGlobalSection
	GlobalSection(ProjectConfigurationPlatforms) = postSolution
		{0253DB3B-DDE8-4F86-A6CC-D6B4E5F401D2}.Debug|Any CPU.ActiveCfg = Debug|Any CPU
		{0253DB3B-DDE8-4F86-A6CC-D6B4E5F401D2}.Debug|Any CPU.Build.0 = Debug|Any CPU
		{0253DB3B-DDE8-4F86-A6CC-D6B4E5F401D2}.Release|Any CPU.ActiveCfg = Release|Any CPU
		{0253DB3B-DDE8-4F86-A6CC-D6B4E5F401D2}.Release|Any CPU.Build.0 = Release|Any CPU
		{86E7ACE2-E55C-4E46-A7B6-8092967B12F0}.Debug|Any CPU.ActiveCfg = Debug|Any CPU
		{86E7ACE2-E55C-4E46-A7B6-8092967B12F0}.Debug|Any CPU.Build.0 = Debug|Any CPU
		{86E7ACE2-E55C-4E46-A7B6-8092967B12F0}.Release|Any CPU.ActiveCfg = Release|Any CPU
		{86E7ACE2-E55C-4E46-A7B6-8092967B12F0}.Release|Any CPU.Build.0 = Release|Any CPU
	EndGlobalSection
	GlobalSection(SolutionProperties) = preSolution
		HideSolutionNode = FALSE
	EndGlobalSection
	GlobalSection(ExtensibilityGlobals) = postSolution
		SolutionGuid = {5C27392F-4CB6-4D08-8781-077CB6C7358D}
	EndGlobalSection
EndGlobal
